// !$*UTF8*$!
{
	archiveVersion = 1;
	classes = {
	};
	objectVersion = 48;
	objects = {

/* Begin PBXBuildFile section */
		610ECE341FE6DAE9009CC0F2 /* TimeSignaturePicker.swift in Sources */ = {isa = PBXBuildFile; fileRef = 610ECE331FE6DAE9009CC0F2 /* TimeSignaturePicker.swift */; };
		610ECE361FE787EA009CC0F2 /* KeySignaturePicker.swift in Sources */ = {isa = PBXBuildFile; fileRef = 610ECE351FE787EA009CC0F2 /* KeySignaturePicker.swift */; };
		610ECE381FE7C58E009CC0F2 /* KeySignatureModel.swift in Sources */ = {isa = PBXBuildFile; fileRef = 610ECE371FE7C58E009CC0F2 /* KeySignatureModel.swift */; };
		610ECE3A1FE7CC9F009CC0F2 /* KeySignatureData.swift in Sources */ = {isa = PBXBuildFile; fileRef = 610ECE391FE7CC9F009CC0F2 /* KeySignatureData.swift */; };
		611BFC9E1FE678C2001511B2 /* TimeSignatureViewController.swift in Sources */ = {isa = PBXBuildFile; fileRef = 611BFC9D1FE678C2001511B2 /* TimeSignatureViewController.swift */; };
		6126673B1A86CCDDBCEF573A /* DateExtension.swift in Sources */ = {isa = PBXBuildFile; fileRef = 6126669108703D46E1FBE33D /* DateExtension.swift */; };
		61266B56332C78D81E57BA94 /* DraggableView.swift in Sources */ = {isa = PBXBuildFile; fileRef = 61266FDD41809D9DD4218A05 /* DraggableView.swift */; };
		61266B7828BD9BC94920F385 /* CompositionTableViewCell.swift in Sources */ = {isa = PBXBuildFile; fileRef = 61266A38BF3434D745ED8A2D /* CompositionTableViewCell.swift */; };
		612D07A61FD2C6780006BD0E /* MusicSheet.swift in Sources */ = {isa = PBXBuildFile; fileRef = 612D07A51FD2C6780006BD0E /* MusicSheet.swift */; };
		6135C82B1FDEC35000AF9EA9 /* Bounds.swift in Sources */ = {isa = PBXBuildFile; fileRef = 6135C82A1FDEC35000AF9EA9 /* Bounds.swift */; };
		61370E171F82A1CB002B6A09 /* AppDelegate.swift in Sources */ = {isa = PBXBuildFile; fileRef = 61370E161F82A1CB002B6A09 /* AppDelegate.swift */; };
		61370E191F82A1CB002B6A09 /* EditorViewController.swift in Sources */ = {isa = PBXBuildFile; fileRef = 61370E181F82A1CB002B6A09 /* EditorViewController.swift */; };
		61370E1C1F82A1CB002B6A09 /* Main.storyboard in Resources */ = {isa = PBXBuildFile; fileRef = 61370E1A1F82A1CB002B6A09 /* Main.storyboard */; };
		61370E1E1F82A1CB002B6A09 /* Assets.xcassets in Resources */ = {isa = PBXBuildFile; fileRef = 61370E1D1F82A1CB002B6A09 /* Assets.xcassets */; };
		61370E211F82A1CB002B6A09 /* LaunchScreen.storyboard in Resources */ = {isa = PBXBuildFile; fileRef = 61370E1F1F82A1CB002B6A09 /* LaunchScreen.storyboard */; };
		613EE8D51F98EB5F004FD009 /* Staff.swift in Sources */ = {isa = PBXBuildFile; fileRef = 613EE8D41F98EB5F004FD009 /* Staff.swift */; };
		61B1316B1FE1513900ADCDF0 /* ButtonEffect.swift in Sources */ = {isa = PBXBuildFile; fileRef = 61B1316A1FE1513900ADCDF0 /* ButtonEffect.swift */; };
		61EBB0321FE695B60015F7C2 /* KeySignatureDesignable.swift in Sources */ = {isa = PBXBuildFile; fileRef = 61EBB0311FE695B60015F7C2 /* KeySignatureDesignable.swift */; };
		61EC34961F8A7C4200A4A5D6 /* Line.swift in Sources */ = {isa = PBXBuildFile; fileRef = 61EC34951F8A7C4200A4A5D6 /* Line.swift */; };
		7A8D3F27201B845900692B66 /* Support Objects in Resources */ = {isa = PBXBuildFile; fileRef = 7A8D3F26201B845900692B66 /* Support Objects */; };
		7AA94C29202D488100CE537B /* maestro.ttf in Resources */ = {isa = PBXBuildFile; fileRef = 7AA94C28202D488100CE537B /* maestro.ttf */; };
		7ADDE1311FEA29FD0065523E /* GridSystem.swift in Sources */ = {isa = PBXBuildFile; fileRef = 7ADDE1301FEA29FD0065523E /* GridSystem.swift */; };
		860ACC431FFCA25900A86D50 /* SoundManager.swift in Sources */ = {isa = PBXBuildFile; fileRef = 860ACC421FFCA25900A86D50 /* SoundManager.swift */; };
		8618F0741FED3D0400DF8A10 /* Action.swift in Sources */ = {isa = PBXBuildFile; fileRef = 8618F0731FED3D0400DF8A10 /* Action.swift */; };
		8618F0761FED3D4600DF8A10 /* AddAction.swift in Sources */ = {isa = PBXBuildFile; fileRef = 8618F0751FED3D4600DF8A10 /* AddAction.swift */; };
		8618F0781FED3D8C00DF8A10 /* EditAction.swift in Sources */ = {isa = PBXBuildFile; fileRef = 8618F0771FED3D8C00DF8A10 /* EditAction.swift */; };
		8618F07A1FED3DB400DF8A10 /* DeleteAction.swift in Sources */ = {isa = PBXBuildFile; fileRef = 8618F0791FED3DB400DF8A10 /* DeleteAction.swift */; };
		8618F07C1FED406500DF8A10 /* UndoRedoManager.swift in Sources */ = {isa = PBXBuildFile; fileRef = 8618F07B1FED406500DF8A10 /* UndoRedoManager.swift */; };
		861B3DD21FDC1D5F003FE0A5 /* EventBroadcaster.swift in Sources */ = {isa = PBXBuildFile; fileRef = 861B3DD11FDC1D5F003FE0A5 /* EventBroadcaster.swift */; };
		861B3DD41FDC1E0E003FE0A5 /* Parameters.swift in Sources */ = {isa = PBXBuildFile; fileRef = 861B3DD31FDC1E0E003FE0A5 /* Parameters.swift */; };
		861B3DD61FDC1E24003FE0A5 /* EventNames.swift in Sources */ = {isa = PBXBuildFile; fileRef = 861B3DD51FDC1E24003FE0A5 /* EventNames.swift */; };
		861B3DD81FDC1E48003FE0A5 /* ObserverList.swift in Sources */ = {isa = PBXBuildFile; fileRef = 861B3DD71FDC1E48003FE0A5 /* ObserverList.swift */; };
		861B3DDA1FDC20E2003FE0A5 /* KeyNames.swift in Sources */ = {isa = PBXBuildFile; fileRef = 861B3DD91FDC20E2003FE0A5 /* KeyNames.swift */; };
		861B3DDE1FDC43C5003FE0A5 /* Observer.swift in Sources */ = {isa = PBXBuildFile; fileRef = 861B3DDD1FDC43C5003FE0A5 /* Observer.swift */; };
		861F36812018C90E0047A1DA /* CompositionCollectionViewCell.swift in Sources */ = {isa = PBXBuildFile; fileRef = 861F36802018C90E0047A1DA /* CompositionCollectionViewCell.swift */; };
		861F781A1FD6E12A00C51BD2 /* CompositionInfo.swift in Sources */ = {isa = PBXBuildFile; fileRef = 861F78191FD6E12A00C51BD2 /* CompositionInfo.swift */; };
		8632C97C2000877B00D69CB4 /* Converter.swift in Sources */ = {isa = PBXBuildFile; fileRef = 8632C97B2000877B00D69CB4 /* Converter.swift */; };
		863374811FD32849003D7936 /* MusicNotation.swift in Sources */ = {isa = PBXBuildFile; fileRef = 863374801FD32849003D7936 /* MusicNotation.swift */; };
		864CE5A21FD32FC3001FF059 /* RestNoteType.swift in Sources */ = {isa = PBXBuildFile; fileRef = 864CE5A11FD32FC3001FF059 /* RestNoteType.swift */; };
		864CE5A41FD32FD6001FF059 /* Rest.swift in Sources */ = {isa = PBXBuildFile; fileRef = 864CE5A31FD32FD6001FF059 /* Rest.swift */; };
		864CE5A81FD32FEB001FF059 /* Pitch.swift in Sources */ = {isa = PBXBuildFile; fileRef = 864CE5A71FD32FEB001FF059 /* Pitch.swift */; };
		864CE5AA1FD3301E001FF059 /* Accidental.swift in Sources */ = {isa = PBXBuildFile; fileRef = 864CE5A91FD3301E001FF059 /* Accidental.swift */; };
		864CE5AC1FD33076001FF059 /* Note.swift in Sources */ = {isa = PBXBuildFile; fileRef = 864CE5AB1FD33076001FF059 /* Note.swift */; };
		864CE5B11FD330DA001FF059 /* GridCoordinates.swift in Sources */ = {isa = PBXBuildFile; fileRef = 864CE5B01FD330DA001FF059 /* GridCoordinates.swift */; };
		865B22CA20050477009D0D11 /* HighlightRect.swift in Sources */ = {isa = PBXBuildFile; fileRef = 865B22C920050477009D0D11 /* HighlightRect.swift */; };
		8696A8A61FD4E8E800EB81BD /* Composition.swift in Sources */ = {isa = PBXBuildFile; fileRef = 8696A8A51FD4E8E800EB81BD /* Composition.swift */; };
		8696A8A91FD4EA5800EB81BD /* FileHandler.swift in Sources */ = {isa = PBXBuildFile; fileRef = 8696A8A81FD4EA5800EB81BD /* FileHandler.swift */; };
		8696A8AC1FD4EB5600EB81BD /* TimeSignature.swift in Sources */ = {isa = PBXBuildFile; fileRef = 8696A8AB1FD4EB5600EB81BD /* TimeSignature.swift */; };
		8696A8AE1FD4EB6500EB81BD /* KeySignature.swift in Sources */ = {isa = PBXBuildFile; fileRef = 8696A8AD1FD4EB6500EB81BD /* KeySignature.swift */; };
		8696A8B11FD4F1A800EB81BD /* Measure.swift in Sources */ = {isa = PBXBuildFile; fileRef = 8696A8B01FD4F1A800EB81BD /* Measure.swift */; };
		8696A8B31FD4F52600EB81BD /* Clef.swift in Sources */ = {isa = PBXBuildFile; fileRef = 8696A8B21FD4F52600EB81BD /* Clef.swift */; };
		8696A8BC1FD5898200EB81BD /* Element.swift in Sources */ = {isa = PBXBuildFile; fileRef = 8696A8B51FD5898200EB81BD /* Element.swift */; };
		8696A8BD1FD5898200EB81BD /* Options.swift in Sources */ = {isa = PBXBuildFile; fileRef = 8696A8B61FD5898200EB81BD /* Options.swift */; };
		8696A8BE1FD5898200EB81BD /* Error.swift in Sources */ = {isa = PBXBuildFile; fileRef = 8696A8B71FD5898200EB81BD /* Error.swift */; };
		8696A8BF1FD5898200EB81BD /* Info.plist in Resources */ = {isa = PBXBuildFile; fileRef = 8696A8B91FD5898200EB81BD /* Info.plist */; };
		8696A8C01FD5898200EB81BD /* Parser.swift in Sources */ = {isa = PBXBuildFile; fileRef = 8696A8BA1FD5898200EB81BD /* Parser.swift */; };
		8696A8C11FD5898200EB81BD /* Document.swift in Sources */ = {isa = PBXBuildFile; fileRef = 8696A8BB1FD5898200EB81BD /* Document.swift */; };
		869F3C5F1FD8FCC500CC236F /* ControlsView.swift in Sources */ = {isa = PBXBuildFile; fileRef = 869F3C5E1FD8FCC500CC236F /* ControlsView.swift */; };
		86A0287C1FD97C3500305C0C /* NotationControlsView.swift in Sources */ = {isa = PBXBuildFile; fileRef = 86A0287B1FD97C3500305C0C /* NotationControlsView.swift */; };
		86A0287E1FD97C4B00305C0C /* CursorControlsView.swift in Sources */ = {isa = PBXBuildFile; fileRef = 86A0287D1FD97C4B00305C0C /* CursorControlsView.swift */; };
		86A9B27E1FDD0324007EB37C /* ArrowKey.swift in Sources */ = {isa = PBXBuildFile; fileRef = 86A9B27D1FDD0324007EB37C /* ArrowKey.swift */; };
		86A9B2801FDD046A007EB37C /* TestClass.swift in Sources */ = {isa = PBXBuildFile; fileRef = 86A9B27F1FDD046A007EB37C /* TestClass.swift */; };
		86B8EFEC1FEAA5E600DD834E /* Step.swift in Sources */ = {isa = PBXBuildFile; fileRef = 86B8EFEB1FEAA5E600DD834E /* Step.swift */; };
		86B8EFEE1FEAC30500DD834E /* Clipboard.swift in Sources */ = {isa = PBXBuildFile; fileRef = 86B8EFED1FEAC30500DD834E /* Clipboard.swift */; };
		86C7EBD21FDFD9B0001D8C12 /* MenuBar.swift in Sources */ = {isa = PBXBuildFile; fileRef = 86C7EBD11FDFD9B0001D8C12 /* MenuBar.swift */; };
		86CCD7C31FDD783400A0FC8D /* StartMenuViewController.swift in Sources */ = {isa = PBXBuildFile; fileRef = 86CCD7C21FDD783400A0FC8D /* StartMenuViewController.swift */; };
		86DBDA8020368C6E00C834EF /* Chord.swift in Sources */ = {isa = PBXBuildFile; fileRef = 86DBDA7F20368C6E00C834EF /* Chord.swift */; };
/* End PBXBuildFile section */

/* Begin PBXContainerItemProxy section */
		61370E281F82A1CB002B6A09 /* PBXContainerItemProxy */ = {
			isa = PBXContainerItemProxy;
			containerPortal = 61370E0B1F82A1CB002B6A09 /* Project object */;
			proxyType = 1;
			remoteGlobalIDString = 61370E121F82A1CB002B6A09;
			remoteInfo = Flow;
		};
		61370E331F82A1CB002B6A09 /* PBXContainerItemProxy */ = {
			isa = PBXContainerItemProxy;
			containerPortal = 61370E0B1F82A1CB002B6A09 /* Project object */;
			proxyType = 1;
			remoteGlobalIDString = 61370E121F82A1CB002B6A09;
			remoteInfo = Flow;
		};
/* End PBXContainerItemProxy section */

/* Begin PBXFileReference section */
		610ECE331FE6DAE9009CC0F2 /* TimeSignaturePicker.swift */ = {isa = PBXFileReference; lastKnownFileType = sourcecode.swift; path = TimeSignaturePicker.swift; sourceTree = "<group>"; };
		610ECE351FE787EA009CC0F2 /* KeySignaturePicker.swift */ = {isa = PBXFileReference; lastKnownFileType = sourcecode.swift; path = KeySignaturePicker.swift; sourceTree = "<group>"; };
		610ECE371FE7C58E009CC0F2 /* KeySignatureModel.swift */ = {isa = PBXFileReference; lastKnownFileType = sourcecode.swift; path = KeySignatureModel.swift; sourceTree = "<group>"; };
		610ECE391FE7CC9F009CC0F2 /* KeySignatureData.swift */ = {isa = PBXFileReference; lastKnownFileType = sourcecode.swift; path = KeySignatureData.swift; sourceTree = "<group>"; };
		611BFC9D1FE678C2001511B2 /* TimeSignatureViewController.swift */ = {isa = PBXFileReference; lastKnownFileType = sourcecode.swift; path = TimeSignatureViewController.swift; sourceTree = "<group>"; };
		6126669108703D46E1FBE33D /* DateExtension.swift */ = {isa = PBXFileReference; fileEncoding = 4; lastKnownFileType = sourcecode.swift; path = DateExtension.swift; sourceTree = "<group>"; };
		61266A38BF3434D745ED8A2D /* CompositionTableViewCell.swift */ = {isa = PBXFileReference; fileEncoding = 4; lastKnownFileType = sourcecode.swift; path = CompositionTableViewCell.swift; sourceTree = "<group>"; };
		61266FDD41809D9DD4218A05 /* DraggableView.swift */ = {isa = PBXFileReference; fileEncoding = 4; lastKnownFileType = sourcecode.swift; path = DraggableView.swift; sourceTree = "<group>"; };
		612D07A51FD2C6780006BD0E /* MusicSheet.swift */ = {isa = PBXFileReference; lastKnownFileType = sourcecode.swift; path = MusicSheet.swift; sourceTree = "<group>"; };
		6135C82A1FDEC35000AF9EA9 /* Bounds.swift */ = {isa = PBXFileReference; lastKnownFileType = sourcecode.swift; path = Bounds.swift; sourceTree = "<group>"; };
		61370E131F82A1CB002B6A09 /* Flow.app */ = {isa = PBXFileReference; explicitFileType = wrapper.application; includeInIndex = 0; path = Flow.app; sourceTree = BUILT_PRODUCTS_DIR; };
		61370E161F82A1CB002B6A09 /* AppDelegate.swift */ = {isa = PBXFileReference; lastKnownFileType = sourcecode.swift; path = AppDelegate.swift; sourceTree = "<group>"; };
		61370E181F82A1CB002B6A09 /* EditorViewController.swift */ = {isa = PBXFileReference; lastKnownFileType = sourcecode.swift; path = EditorViewController.swift; sourceTree = "<group>"; };
		61370E1B1F82A1CB002B6A09 /* Base */ = {isa = PBXFileReference; lastKnownFileType = file.storyboard; name = Base; path = Base.lproj/Main.storyboard; sourceTree = "<group>"; };
		61370E1D1F82A1CB002B6A09 /* Assets.xcassets */ = {isa = PBXFileReference; lastKnownFileType = folder.assetcatalog; path = Assets.xcassets; sourceTree = "<group>"; };
		61370E201F82A1CB002B6A09 /* Base */ = {isa = PBXFileReference; lastKnownFileType = file.storyboard; name = Base; path = Base.lproj/LaunchScreen.storyboard; sourceTree = "<group>"; };
		61370E221F82A1CB002B6A09 /* Info.plist */ = {isa = PBXFileReference; lastKnownFileType = text.plist.xml; path = Info.plist; sourceTree = "<group>"; };
		61370E271F82A1CB002B6A09 /* FlowTests.xctest */ = {isa = PBXFileReference; explicitFileType = wrapper.cfbundle; includeInIndex = 0; path = FlowTests.xctest; sourceTree = BUILT_PRODUCTS_DIR; };
		61370E321F82A1CB002B6A09 /* FlowUITests.xctest */ = {isa = PBXFileReference; explicitFileType = wrapper.cfbundle; includeInIndex = 0; path = FlowUITests.xctest; sourceTree = BUILT_PRODUCTS_DIR; };
		613EE8D41F98EB5F004FD009 /* Staff.swift */ = {isa = PBXFileReference; lastKnownFileType = sourcecode.swift; path = Staff.swift; sourceTree = "<group>"; };
		61B1316A1FE1513900ADCDF0 /* ButtonEffect.swift */ = {isa = PBXFileReference; lastKnownFileType = sourcecode.swift; path = ButtonEffect.swift; sourceTree = "<group>"; };
		61EBB0311FE695B60015F7C2 /* KeySignatureDesignable.swift */ = {isa = PBXFileReference; lastKnownFileType = sourcecode.swift; path = KeySignatureDesignable.swift; sourceTree = "<group>"; };
		61EC34951F8A7C4200A4A5D6 /* Line.swift */ = {isa = PBXFileReference; lastKnownFileType = sourcecode.swift; path = Line.swift; sourceTree = "<group>"; };
		7A8D3F26201B845900692B66 /* Support Objects */ = {isa = PBXFileReference; lastKnownFileType = folder; path = "Support Objects"; sourceTree = "<group>"; };
		7AA94C28202D488100CE537B /* maestro.ttf */ = {isa = PBXFileReference; lastKnownFileType = file; path = maestro.ttf; sourceTree = "<group>"; };
		7ADDE1301FEA29FD0065523E /* GridSystem.swift */ = {isa = PBXFileReference; lastKnownFileType = sourcecode.swift; path = GridSystem.swift; sourceTree = "<group>"; };
		860ACC421FFCA25900A86D50 /* SoundManager.swift */ = {isa = PBXFileReference; lastKnownFileType = sourcecode.swift; path = SoundManager.swift; sourceTree = "<group>"; };
		8618F0731FED3D0400DF8A10 /* Action.swift */ = {isa = PBXFileReference; lastKnownFileType = sourcecode.swift; path = Action.swift; sourceTree = "<group>"; };
		8618F0751FED3D4600DF8A10 /* AddAction.swift */ = {isa = PBXFileReference; lastKnownFileType = sourcecode.swift; path = AddAction.swift; sourceTree = "<group>"; };
		8618F0771FED3D8C00DF8A10 /* EditAction.swift */ = {isa = PBXFileReference; lastKnownFileType = sourcecode.swift; path = EditAction.swift; sourceTree = "<group>"; };
		8618F0791FED3DB400DF8A10 /* DeleteAction.swift */ = {isa = PBXFileReference; lastKnownFileType = sourcecode.swift; path = DeleteAction.swift; sourceTree = "<group>"; };
		8618F07B1FED406500DF8A10 /* UndoRedoManager.swift */ = {isa = PBXFileReference; lastKnownFileType = sourcecode.swift; path = UndoRedoManager.swift; sourceTree = "<group>"; };
		861B3DD11FDC1D5F003FE0A5 /* EventBroadcaster.swift */ = {isa = PBXFileReference; lastKnownFileType = sourcecode.swift; path = EventBroadcaster.swift; sourceTree = "<group>"; };
		861B3DD31FDC1E0E003FE0A5 /* Parameters.swift */ = {isa = PBXFileReference; lastKnownFileType = sourcecode.swift; path = Parameters.swift; sourceTree = "<group>"; };
		861B3DD51FDC1E24003FE0A5 /* EventNames.swift */ = {isa = PBXFileReference; lastKnownFileType = sourcecode.swift; path = EventNames.swift; sourceTree = "<group>"; };
		861B3DD71FDC1E48003FE0A5 /* ObserverList.swift */ = {isa = PBXFileReference; lastKnownFileType = sourcecode.swift; path = ObserverList.swift; sourceTree = "<group>"; };
		861B3DD91FDC20E2003FE0A5 /* KeyNames.swift */ = {isa = PBXFileReference; lastKnownFileType = sourcecode.swift; path = KeyNames.swift; sourceTree = "<group>"; };
		861B3DDD1FDC43C5003FE0A5 /* Observer.swift */ = {isa = PBXFileReference; fileEncoding = 4; lastKnownFileType = sourcecode.swift; path = Observer.swift; sourceTree = "<group>"; };
		861F36802018C90E0047A1DA /* CompositionCollectionViewCell.swift */ = {isa = PBXFileReference; lastKnownFileType = sourcecode.swift; path = CompositionCollectionViewCell.swift; sourceTree = "<group>"; };
		861F78191FD6E12A00C51BD2 /* CompositionInfo.swift */ = {isa = PBXFileReference; lastKnownFileType = sourcecode.swift; path = CompositionInfo.swift; sourceTree = "<group>"; };
		8632C97B2000877B00D69CB4 /* Converter.swift */ = {isa = PBXFileReference; lastKnownFileType = sourcecode.swift; path = Converter.swift; sourceTree = "<group>"; };
		863374801FD32849003D7936 /* MusicNotation.swift */ = {isa = PBXFileReference; lastKnownFileType = sourcecode.swift; path = MusicNotation.swift; sourceTree = "<group>"; };
		864CE5A11FD32FC3001FF059 /* RestNoteType.swift */ = {isa = PBXFileReference; fileEncoding = 4; lastKnownFileType = sourcecode.swift; path = RestNoteType.swift; sourceTree = "<group>"; };
		864CE5A31FD32FD6001FF059 /* Rest.swift */ = {isa = PBXFileReference; fileEncoding = 4; lastKnownFileType = sourcecode.swift; path = Rest.swift; sourceTree = "<group>"; };
		864CE5A71FD32FEB001FF059 /* Pitch.swift */ = {isa = PBXFileReference; fileEncoding = 4; lastKnownFileType = sourcecode.swift; path = Pitch.swift; sourceTree = "<group>"; };
		864CE5A91FD3301E001FF059 /* Accidental.swift */ = {isa = PBXFileReference; fileEncoding = 4; lastKnownFileType = sourcecode.swift; path = Accidental.swift; sourceTree = "<group>"; };
		864CE5AB1FD33076001FF059 /* Note.swift */ = {isa = PBXFileReference; fileEncoding = 4; lastKnownFileType = sourcecode.swift; path = Note.swift; sourceTree = "<group>"; };
		864CE5B01FD330DA001FF059 /* GridCoordinates.swift */ = {isa = PBXFileReference; lastKnownFileType = sourcecode.swift; path = GridCoordinates.swift; sourceTree = "<group>"; };
		865B22C920050477009D0D11 /* HighlightRect.swift */ = {isa = PBXFileReference; lastKnownFileType = sourcecode.swift; path = HighlightRect.swift; sourceTree = "<group>"; };
		8696A8A51FD4E8E800EB81BD /* Composition.swift */ = {isa = PBXFileReference; lastKnownFileType = sourcecode.swift; path = Composition.swift; sourceTree = "<group>"; };
		8696A8A81FD4EA5800EB81BD /* FileHandler.swift */ = {isa = PBXFileReference; lastKnownFileType = sourcecode.swift; path = FileHandler.swift; sourceTree = "<group>"; };
		8696A8AB1FD4EB5600EB81BD /* TimeSignature.swift */ = {isa = PBXFileReference; lastKnownFileType = sourcecode.swift; path = TimeSignature.swift; sourceTree = "<group>"; };
		8696A8AD1FD4EB6500EB81BD /* KeySignature.swift */ = {isa = PBXFileReference; lastKnownFileType = sourcecode.swift; path = KeySignature.swift; sourceTree = "<group>"; };
		8696A8B01FD4F1A800EB81BD /* Measure.swift */ = {isa = PBXFileReference; lastKnownFileType = sourcecode.swift; path = Measure.swift; sourceTree = "<group>"; };
		8696A8B21FD4F52600EB81BD /* Clef.swift */ = {isa = PBXFileReference; lastKnownFileType = sourcecode.swift; path = Clef.swift; sourceTree = "<group>"; };
		8696A8B51FD5898200EB81BD /* Element.swift */ = {isa = PBXFileReference; fileEncoding = 4; lastKnownFileType = sourcecode.swift; path = Element.swift; sourceTree = "<group>"; };
		8696A8B61FD5898200EB81BD /* Options.swift */ = {isa = PBXFileReference; fileEncoding = 4; lastKnownFileType = sourcecode.swift; path = Options.swift; sourceTree = "<group>"; };
		8696A8B71FD5898200EB81BD /* Error.swift */ = {isa = PBXFileReference; fileEncoding = 4; lastKnownFileType = sourcecode.swift; path = Error.swift; sourceTree = "<group>"; };
		8696A8B81FD5898200EB81BD /* AEXML.h */ = {isa = PBXFileReference; fileEncoding = 4; lastKnownFileType = sourcecode.c.h; path = AEXML.h; sourceTree = "<group>"; };
		8696A8B91FD5898200EB81BD /* Info.plist */ = {isa = PBXFileReference; fileEncoding = 4; lastKnownFileType = text.plist.xml; path = Info.plist; sourceTree = "<group>"; };
		8696A8BA1FD5898200EB81BD /* Parser.swift */ = {isa = PBXFileReference; fileEncoding = 4; lastKnownFileType = sourcecode.swift; path = Parser.swift; sourceTree = "<group>"; };
		8696A8BB1FD5898200EB81BD /* Document.swift */ = {isa = PBXFileReference; fileEncoding = 4; lastKnownFileType = sourcecode.swift; path = Document.swift; sourceTree = "<group>"; };
		869F3C5E1FD8FCC500CC236F /* ControlsView.swift */ = {isa = PBXFileReference; lastKnownFileType = sourcecode.swift; path = ControlsView.swift; sourceTree = "<group>"; };
		86A0287B1FD97C3500305C0C /* NotationControlsView.swift */ = {isa = PBXFileReference; lastKnownFileType = sourcecode.swift; path = NotationControlsView.swift; sourceTree = "<group>"; };
		86A0287D1FD97C4B00305C0C /* CursorControlsView.swift */ = {isa = PBXFileReference; lastKnownFileType = sourcecode.swift; path = CursorControlsView.swift; sourceTree = "<group>"; };
		86A9B27D1FDD0324007EB37C /* ArrowKey.swift */ = {isa = PBXFileReference; lastKnownFileType = sourcecode.swift; path = ArrowKey.swift; sourceTree = "<group>"; };
		86A9B27F1FDD046A007EB37C /* TestClass.swift */ = {isa = PBXFileReference; lastKnownFileType = sourcecode.swift; path = TestClass.swift; sourceTree = "<group>"; };
		86B8EFEB1FEAA5E600DD834E /* Step.swift */ = {isa = PBXFileReference; lastKnownFileType = sourcecode.swift; path = Step.swift; sourceTree = "<group>"; };
		86B8EFED1FEAC30500DD834E /* Clipboard.swift */ = {isa = PBXFileReference; lastKnownFileType = sourcecode.swift; path = Clipboard.swift; sourceTree = "<group>"; };
		86C7EBD11FDFD9B0001D8C12 /* MenuBar.swift */ = {isa = PBXFileReference; lastKnownFileType = sourcecode.swift; path = MenuBar.swift; sourceTree = "<group>"; };
		86CCD7C21FDD783400A0FC8D /* StartMenuViewController.swift */ = {isa = PBXFileReference; lastKnownFileType = sourcecode.swift; path = StartMenuViewController.swift; sourceTree = "<group>"; };
		86DBDA7F20368C6E00C834EF /* Chord.swift */ = {isa = PBXFileReference; lastKnownFileType = sourcecode.swift; path = Chord.swift; sourceTree = "<group>"; };
/* End PBXFileReference section */

/* Begin PBXFrameworksBuildPhase section */
		61370E101F82A1CB002B6A09 /* Frameworks */ = {
			isa = PBXFrameworksBuildPhase;
			buildActionMask = 2147483647;
			files = (
			);
			runOnlyForDeploymentPostprocessing = 0;
		};
		61370E241F82A1CB002B6A09 /* Frameworks */ = {
			isa = PBXFrameworksBuildPhase;
			buildActionMask = 2147483647;
			files = (
			);
			runOnlyForDeploymentPostprocessing = 0;
		};
		61370E2F1F82A1CB002B6A09 /* Frameworks */ = {
			isa = PBXFrameworksBuildPhase;
			buildActionMask = 2147483647;
			files = (
			);
			runOnlyForDeploymentPostprocessing = 0;
		};
/* End PBXFrameworksBuildPhase section */

/* Begin PBXGroup section */
		610ECE321FE6D9B5009CC0F2 /* Controllers */ = {
			isa = PBXGroup;
			children = (
				86CCD7C21FDD783400A0FC8D /* StartMenuViewController.swift */,
				611BFC9D1FE678C2001511B2 /* TimeSignatureViewController.swift */,
				61370E181F82A1CB002B6A09 /* EditorViewController.swift */,
			);
			path = Controllers;
			sourceTree = "<group>";
		};
		611BFC9F1FE67928001511B2 /* IBDesignables */ = {
			isa = PBXGroup;
			children = (
				61EBB0311FE695B60015F7C2 /* KeySignatureDesignable.swift */,
			);
			path = IBDesignables;
			sourceTree = "<group>";
		};
		612909FC1F89FFFC0094F9B7 /* Notation Objects */ = {
			isa = PBXGroup;
			children = (
				8618F0721FED3CF000DF8A10 /* Action */,
				8696A8AA1FD4EB4300EB81BD /* Composition */,
				863374771FD3279F003D7936 /* Music Notation */,
				61EC34951F8A7C4200A4A5D6 /* Line.swift */,
				612D07A51FD2C6780006BD0E /* MusicSheet.swift */,
				610ECE371FE7C58E009CC0F2 /* KeySignatureModel.swift */,
				610ECE391FE7CC9F009CC0F2 /* KeySignatureData.swift */,
				7ADDE1301FEA29FD0065523E /* GridSystem.swift */,
			);
			path = "Notation Objects";
			sourceTree = "<group>";
		};
		61370E0A1F82A1CB002B6A09 = {
			isa = PBXGroup;
			children = (
				61370E151F82A1CB002B6A09 /* Flow */,
				61370E141F82A1CB002B6A09 /* Products */,
			);
			sourceTree = "<group>";
		};
		61370E141F82A1CB002B6A09 /* Products */ = {
			isa = PBXGroup;
			children = (
				61370E131F82A1CB002B6A09 /* Flow.app */,
				61370E271F82A1CB002B6A09 /* FlowTests.xctest */,
				61370E321F82A1CB002B6A09 /* FlowUITests.xctest */,
			);
			name = Products;
			sourceTree = "<group>";
		};
		61370E151F82A1CB002B6A09 /* Flow */ = {
			isa = PBXGroup;
			children = (
				7AC6E24E201F388A000453AA /* fonts */,
				7A8D3F26201B845900692B66 /* Support Objects */,
				610ECE321FE6D9B5009CC0F2 /* Controllers */,
				611BFC9F1FE67928001511B2 /* IBDesignables */,
				864CE5AD1FD3308F001FF059 /* Utils */,
				612909FC1F89FFFC0094F9B7 /* Notation Objects */,
				869F3C5D1FD8FBA400CC236F /* View Objects */,
				61370E161F82A1CB002B6A09 /* AppDelegate.swift */,
				61370E1A1F82A1CB002B6A09 /* Main.storyboard */,
				61370E1D1F82A1CB002B6A09 /* Assets.xcassets */,
				61370E1F1F82A1CB002B6A09 /* LaunchScreen.storyboard */,
				61370E221F82A1CB002B6A09 /* Info.plist */,
			);
			path = Flow;
			sourceTree = "<group>";
		};
		61D516851FED4E9700DBF573 /* Staff */ = {
			isa = PBXGroup;
			children = (
				613EE8D41F98EB5F004FD009 /* Staff.swift */,
			);
			path = Staff;
			sourceTree = "<group>";
		};
		7AC6E24E201F388A000453AA /* fonts */ = {
			isa = PBXGroup;
			children = (
				7AA94C28202D488100CE537B /* maestro.ttf */,
			);
			path = fonts;
			sourceTree = "<group>";
		};
		8618F0721FED3CF000DF8A10 /* Action */ = {
			isa = PBXGroup;
			children = (
				8618F0731FED3D0400DF8A10 /* Action.swift */,
				8618F0751FED3D4600DF8A10 /* AddAction.swift */,
				8618F0771FED3D8C00DF8A10 /* EditAction.swift */,
				8618F0791FED3DB400DF8A10 /* DeleteAction.swift */,
			);
			path = Action;
			sourceTree = "<group>";
		};
		861B3DD01FDC1D2A003FE0A5 /* Event Broadcasting */ = {
			isa = PBXGroup;
			children = (
				861B3DD11FDC1D5F003FE0A5 /* EventBroadcaster.swift */,
				861B3DD31FDC1E0E003FE0A5 /* Parameters.swift */,
				861B3DD51FDC1E24003FE0A5 /* EventNames.swift */,
				861B3DD71FDC1E48003FE0A5 /* ObserverList.swift */,
				861B3DD91FDC20E2003FE0A5 /* KeyNames.swift */,
				861B3DDD1FDC43C5003FE0A5 /* Observer.swift */,
				86A9B27F1FDD046A007EB37C /* TestClass.swift */,
			);
			path = "Event Broadcasting";
			sourceTree = "<group>";
		};
		863374771FD3279F003D7936 /* Music Notation */ = {
			isa = PBXGroup;
			children = (
				863374801FD32849003D7936 /* MusicNotation.swift */,
				864CE5A11FD32FC3001FF059 /* RestNoteType.swift */,
				864CE5A01FD32F41001FF059 /* Rest */,
				864CE59E1FD32F2C001FF059 /* Note */,
				86DBDA7F20368C6E00C834EF /* Chord.swift */,
			);
			path = "Music Notation";
			sourceTree = "<group>";
		};
		864CE59E1FD32F2C001FF059 /* Note */ = {
			isa = PBXGroup;
			children = (
				864CE5AB1FD33076001FF059 /* Note.swift */,
				864CE5A71FD32FEB001FF059 /* Pitch.swift */,
				864CE5A91FD3301E001FF059 /* Accidental.swift */,
				86B8EFEB1FEAA5E600DD834E /* Step.swift */,
			);
			path = Note;
			sourceTree = "<group>";
		};
		864CE5A01FD32F41001FF059 /* Rest */ = {
			isa = PBXGroup;
			children = (
				864CE5A31FD32FD6001FF059 /* Rest.swift */,
			);
			path = Rest;
			sourceTree = "<group>";
		};
		864CE5AD1FD3308F001FF059 /* Utils */ = {
			isa = PBXGroup;
			children = (
				860ACC421FFCA25900A86D50 /* SoundManager.swift */,
				861B3DD01FDC1D2A003FE0A5 /* Event Broadcasting */,
				8696A8B41FD5896F00EB81BD /* AEXML */,
				8696A8A71FD4EA1000EB81BD /* File Handling */,
				864CE5B01FD330DA001FF059 /* GridCoordinates.swift */,
				6135C82A1FDEC35000AF9EA9 /* Bounds.swift */,
				86B8EFED1FEAC30500DD834E /* Clipboard.swift */,
				8618F07B1FED406500DF8A10 /* UndoRedoManager.swift */,
				6126669108703D46E1FBE33D /* DateExtension.swift */,
			);
			path = Utils;
			sourceTree = "<group>";
		};
		8696A8A71FD4EA1000EB81BD /* File Handling */ = {
			isa = PBXGroup;
			children = (
				8696A8A81FD4EA5800EB81BD /* FileHandler.swift */,
				8632C97B2000877B00D69CB4 /* Converter.swift */,
			);
			path = "File Handling";
			sourceTree = "<group>";
		};
		8696A8AA1FD4EB4300EB81BD /* Composition */ = {
			isa = PBXGroup;
			children = (
				61D516851FED4E9700DBF573 /* Staff */,
				8696A8AF1FD4F19500EB81BD /* Measure */,
				8696A8A51FD4E8E800EB81BD /* Composition.swift */,
				8696A8AB1FD4EB5600EB81BD /* TimeSignature.swift */,
				8696A8AD1FD4EB6500EB81BD /* KeySignature.swift */,
				8696A8B21FD4F52600EB81BD /* Clef.swift */,
				861F78191FD6E12A00C51BD2 /* CompositionInfo.swift */,
			);
			path = Composition;
			sourceTree = "<group>";
		};
		8696A8AF1FD4F19500EB81BD /* Measure */ = {
			isa = PBXGroup;
			children = (
				8696A8B01FD4F1A800EB81BD /* Measure.swift */,
			);
			path = Measure;
			sourceTree = "<group>";
		};
		8696A8B41FD5896F00EB81BD /* AEXML */ = {
			isa = PBXGroup;
			children = (
				8696A8B81FD5898200EB81BD /* AEXML.h */,
				8696A8BB1FD5898200EB81BD /* Document.swift */,
				8696A8B51FD5898200EB81BD /* Element.swift */,
				8696A8B71FD5898200EB81BD /* Error.swift */,
				8696A8B91FD5898200EB81BD /* Info.plist */,
				8696A8B61FD5898200EB81BD /* Options.swift */,
				8696A8BA1FD5898200EB81BD /* Parser.swift */,
			);
			path = AEXML;
			sourceTree = "<group>";
		};
		869F3C5D1FD8FBA400CC236F /* View Objects */ = {
			isa = PBXGroup;
			children = (
				861F36802018C90E0047A1DA /* CompositionCollectionViewCell.swift */,
				610ECE351FE787EA009CC0F2 /* KeySignaturePicker.swift */,
				61B1316A1FE1513900ADCDF0 /* ButtonEffect.swift */,
				869F3C601FD8FCC900CC236F /* Controls */,
				86C7EBD11FDFD9B0001D8C12 /* MenuBar.swift */,
				610ECE331FE6DAE9009CC0F2 /* TimeSignaturePicker.swift */,
				865B22C920050477009D0D11 /* HighlightRect.swift */,
				61266A38BF3434D745ED8A2D /* CompositionTableViewCell.swift */,
			);
			path = "View Objects";
			sourceTree = "<group>";
		};
		869F3C601FD8FCC900CC236F /* Controls */ = {
			isa = PBXGroup;
			children = (
				869F3C5E1FD8FCC500CC236F /* ControlsView.swift */,
				86A0287B1FD97C3500305C0C /* NotationControlsView.swift */,
				86A0287D1FD97C4B00305C0C /* CursorControlsView.swift */,
				86A9B27D1FDD0324007EB37C /* ArrowKey.swift */,
				61266FDD41809D9DD4218A05 /* DraggableView.swift */,
			);
			path = Controls;
			sourceTree = "<group>";
		};
/* End PBXGroup section */

/* Begin PBXNativeTarget section */
		61370E121F82A1CB002B6A09 /* Flow */ = {
			isa = PBXNativeTarget;
			buildConfigurationList = 61370E3B1F82A1CB002B6A09 /* Build configuration list for PBXNativeTarget "Flow" */;
			buildPhases = (
				61370E0F1F82A1CB002B6A09 /* Sources */,
				61370E101F82A1CB002B6A09 /* Frameworks */,
				61370E111F82A1CB002B6A09 /* Resources */,
			);
			buildRules = (
			);
			dependencies = (
			);
			name = Flow;
			productName = Flow;
			productReference = 61370E131F82A1CB002B6A09 /* Flow.app */;
			productType = "com.apple.product-type.application";
		};
		61370E261F82A1CB002B6A09 /* FlowTests */ = {
			isa = PBXNativeTarget;
			buildConfigurationList = 61370E3E1F82A1CB002B6A09 /* Build configuration list for PBXNativeTarget "FlowTests" */;
			buildPhases = (
				61370E231F82A1CB002B6A09 /* Sources */,
				61370E241F82A1CB002B6A09 /* Frameworks */,
				61370E251F82A1CB002B6A09 /* Resources */,
			);
			buildRules = (
			);
			dependencies = (
				61370E291F82A1CB002B6A09 /* PBXTargetDependency */,
			);
			name = FlowTests;
			productName = FlowTests;
			productReference = 61370E271F82A1CB002B6A09 /* FlowTests.xctest */;
			productType = "com.apple.product-type.bundle.unit-test";
		};
		61370E311F82A1CB002B6A09 /* FlowUITests */ = {
			isa = PBXNativeTarget;
			buildConfigurationList = 61370E411F82A1CB002B6A09 /* Build configuration list for PBXNativeTarget "FlowUITests" */;
			buildPhases = (
				61370E2E1F82A1CB002B6A09 /* Sources */,
				61370E2F1F82A1CB002B6A09 /* Frameworks */,
				61370E301F82A1CB002B6A09 /* Resources */,
			);
			buildRules = (
			);
			dependencies = (
				61370E341F82A1CB002B6A09 /* PBXTargetDependency */,
			);
			name = FlowUITests;
			productName = FlowUITests;
			productReference = 61370E321F82A1CB002B6A09 /* FlowUITests.xctest */;
			productType = "com.apple.product-type.bundle.ui-testing";
		};
/* End PBXNativeTarget section */

/* Begin PBXProject section */
		61370E0B1F82A1CB002B6A09 /* Project object */ = {
			isa = PBXProject;
			attributes = {
				LastSwiftUpdateCheck = 0900;
				LastUpgradeCheck = 0900;
				ORGANIZATIONNAME = MusicG;
				TargetAttributes = {
					61370E121F82A1CB002B6A09 = {
						CreatedOnToolsVersion = 9.0;
						ProvisioningStyle = Automatic;
					};
					61370E261F82A1CB002B6A09 = {
						CreatedOnToolsVersion = 9.0;
						ProvisioningStyle = Automatic;
						TestTargetID = 61370E121F82A1CB002B6A09;
					};
					61370E311F82A1CB002B6A09 = {
						CreatedOnToolsVersion = 9.0;
						ProvisioningStyle = Automatic;
						TestTargetID = 61370E121F82A1CB002B6A09;
					};
				};
			};
			buildConfigurationList = 61370E0E1F82A1CB002B6A09 /* Build configuration list for PBXProject "Flow" */;
			compatibilityVersion = "Xcode 8.0";
			developmentRegion = en;
			hasScannedForEncodings = 0;
			knownRegions = (
				en,
				Base,
			);
			mainGroup = 61370E0A1F82A1CB002B6A09;
			productRefGroup = 61370E141F82A1CB002B6A09 /* Products */;
			projectDirPath = "";
			projectRoot = "";
			targets = (
				61370E121F82A1CB002B6A09 /* Flow */,
				61370E261F82A1CB002B6A09 /* FlowTests */,
				61370E311F82A1CB002B6A09 /* FlowUITests */,
			);
		};
/* End PBXProject section */

/* Begin PBXResourcesBuildPhase section */
		61370E111F82A1CB002B6A09 /* Resources */ = {
			isa = PBXResourcesBuildPhase;
			buildActionMask = 2147483647;
			files = (
				8696A8BF1FD5898200EB81BD /* Info.plist in Resources */,
				61370E211F82A1CB002B6A09 /* LaunchScreen.storyboard in Resources */,
				61370E1E1F82A1CB002B6A09 /* Assets.xcassets in Resources */,
				7A8D3F27201B845900692B66 /* Support Objects in Resources */,
				61370E1C1F82A1CB002B6A09 /* Main.storyboard in Resources */,
				7AA94C29202D488100CE537B /* maestro.ttf in Resources */,
			);
			runOnlyForDeploymentPostprocessing = 0;
		};
		61370E251F82A1CB002B6A09 /* Resources */ = {
			isa = PBXResourcesBuildPhase;
			buildActionMask = 2147483647;
			files = (
			);
			runOnlyForDeploymentPostprocessing = 0;
		};
		61370E301F82A1CB002B6A09 /* Resources */ = {
			isa = PBXResourcesBuildPhase;
			buildActionMask = 2147483647;
			files = (
			);
			runOnlyForDeploymentPostprocessing = 0;
		};
/* End PBXResourcesBuildPhase section */

/* Begin PBXSourcesBuildPhase section */
		61370E0F1F82A1CB002B6A09 /* Sources */ = {
			isa = PBXSourcesBuildPhase;
			buildActionMask = 2147483647;
			files = (
				610ECE3A1FE7CC9F009CC0F2 /* KeySignatureData.swift in Sources */,
				611BFC9E1FE678C2001511B2 /* TimeSignatureViewController.swift in Sources */,
				86DBDA8020368C6E00C834EF /* Chord.swift in Sources */,
				861B3DDA1FDC20E2003FE0A5 /* KeyNames.swift in Sources */,
				864CE5A21FD32FC3001FF059 /* RestNoteType.swift in Sources */,
				861B3DD61FDC1E24003FE0A5 /* EventNames.swift in Sources */,
				86A0287C1FD97C3500305C0C /* NotationControlsView.swift in Sources */,
				7ADDE1311FEA29FD0065523E /* GridSystem.swift in Sources */,
				61370E191F82A1CB002B6A09 /* EditorViewController.swift in Sources */,
				86A9B27E1FDD0324007EB37C /* ArrowKey.swift in Sources */,
				861B3DD21FDC1D5F003FE0A5 /* EventBroadcaster.swift in Sources */,
				610ECE361FE787EA009CC0F2 /* KeySignaturePicker.swift in Sources */,
				61EBB0321FE695B60015F7C2 /* KeySignatureDesignable.swift in Sources */,
				861B3DD81FDC1E48003FE0A5 /* ObserverList.swift in Sources */,
				8696A8BE1FD5898200EB81BD /* Error.swift in Sources */,
				8696A8B11FD4F1A800EB81BD /* Measure.swift in Sources */,
				8696A8B31FD4F52600EB81BD /* Clef.swift in Sources */,
				612D07A61FD2C6780006BD0E /* MusicSheet.swift in Sources */,
				861F36812018C90E0047A1DA /* CompositionCollectionViewCell.swift in Sources */,
				861B3DD41FDC1E0E003FE0A5 /* Parameters.swift in Sources */,
				86B8EFEC1FEAA5E600DD834E /* Step.swift in Sources */,
				8632C97C2000877B00D69CB4 /* Converter.swift in Sources */,
				8696A8BC1FD5898200EB81BD /* Element.swift in Sources */,
				8618F07C1FED406500DF8A10 /* UndoRedoManager.swift in Sources */,
				865B22CA20050477009D0D11 /* HighlightRect.swift in Sources */,
				8696A8AC1FD4EB5600EB81BD /* TimeSignature.swift in Sources */,
				8696A8AE1FD4EB6500EB81BD /* KeySignature.swift in Sources */,
				864CE5A41FD32FD6001FF059 /* Rest.swift in Sources */,
				869F3C5F1FD8FCC500CC236F /* ControlsView.swift in Sources */,
				86CCD7C31FDD783400A0FC8D /* StartMenuViewController.swift in Sources */,
				610ECE381FE7C58E009CC0F2 /* KeySignatureModel.swift in Sources */,
				861F781A1FD6E12A00C51BD2 /* CompositionInfo.swift in Sources */,
				86A9B2801FDD046A007EB37C /* TestClass.swift in Sources */,
				864CE5A81FD32FEB001FF059 /* Pitch.swift in Sources */,
				61B1316B1FE1513900ADCDF0 /* ButtonEffect.swift in Sources */,
				61370E171F82A1CB002B6A09 /* AppDelegate.swift in Sources */,
				8696A8A91FD4EA5800EB81BD /* FileHandler.swift in Sources */,
				860ACC431FFCA25900A86D50 /* SoundManager.swift in Sources */,
				610ECE341FE6DAE9009CC0F2 /* TimeSignaturePicker.swift in Sources */,
				86B8EFEE1FEAC30500DD834E /* Clipboard.swift in Sources */,
				86A0287E1FD97C4B00305C0C /* CursorControlsView.swift in Sources */,
				864CE5B11FD330DA001FF059 /* GridCoordinates.swift in Sources */,
				6135C82B1FDEC35000AF9EA9 /* Bounds.swift in Sources */,
				8696A8BD1FD5898200EB81BD /* Options.swift in Sources */,
				863374811FD32849003D7936 /* MusicNotation.swift in Sources */,
				8696A8A61FD4E8E800EB81BD /* Composition.swift in Sources */,
				8618F0761FED3D4600DF8A10 /* AddAction.swift in Sources */,
				8696A8C11FD5898200EB81BD /* Document.swift in Sources */,
				86C7EBD21FDFD9B0001D8C12 /* MenuBar.swift in Sources */,
				8618F07A1FED3DB400DF8A10 /* DeleteAction.swift in Sources */,
				8618F0741FED3D0400DF8A10 /* Action.swift in Sources */,
				864CE5AC1FD33076001FF059 /* Note.swift in Sources */,
				8696A8C01FD5898200EB81BD /* Parser.swift in Sources */,
				861B3DDE1FDC43C5003FE0A5 /* Observer.swift in Sources */,
				613EE8D51F98EB5F004FD009 /* Staff.swift in Sources */,
				8618F0781FED3D8C00DF8A10 /* EditAction.swift in Sources */,
				864CE5AA1FD3301E001FF059 /* Accidental.swift in Sources */,
				61EC34961F8A7C4200A4A5D6 /* Line.swift in Sources */,
				61266B7828BD9BC94920F385 /* CompositionTableViewCell.swift in Sources */,
				6126673B1A86CCDDBCEF573A /* DateExtension.swift in Sources */,
				61266B56332C78D81E57BA94 /* DraggableView.swift in Sources */,
			);
			runOnlyForDeploymentPostprocessing = 0;
		};
		61370E231F82A1CB002B6A09 /* Sources */ = {
			isa = PBXSourcesBuildPhase;
			buildActionMask = 2147483647;
			files = (
			);
			runOnlyForDeploymentPostprocessing = 0;
		};
		61370E2E1F82A1CB002B6A09 /* Sources */ = {
			isa = PBXSourcesBuildPhase;
			buildActionMask = 2147483647;
			files = (
			);
			runOnlyForDeploymentPostprocessing = 0;
		};
/* End PBXSourcesBuildPhase section */

/* Begin PBXTargetDependency section */
		61370E291F82A1CB002B6A09 /* PBXTargetDependency */ = {
			isa = PBXTargetDependency;
			target = 61370E121F82A1CB002B6A09 /* Flow */;
			targetProxy = 61370E281F82A1CB002B6A09 /* PBXContainerItemProxy */;
		};
		61370E341F82A1CB002B6A09 /* PBXTargetDependency */ = {
			isa = PBXTargetDependency;
			target = 61370E121F82A1CB002B6A09 /* Flow */;
			targetProxy = 61370E331F82A1CB002B6A09 /* PBXContainerItemProxy */;
		};
/* End PBXTargetDependency section */

/* Begin PBXVariantGroup section */
		61370E1A1F82A1CB002B6A09 /* Main.storyboard */ = {
			isa = PBXVariantGroup;
			children = (
				61370E1B1F82A1CB002B6A09 /* Base */,
			);
			name = Main.storyboard;
			sourceTree = "<group>";
		};
		61370E1F1F82A1CB002B6A09 /* LaunchScreen.storyboard */ = {
			isa = PBXVariantGroup;
			children = (
				61370E201F82A1CB002B6A09 /* Base */,
			);
			name = LaunchScreen.storyboard;
			sourceTree = "<group>";
		};
/* End PBXVariantGroup section */

/* Begin XCBuildConfiguration section */
		61370E391F82A1CB002B6A09 /* Debug */ = {
			isa = XCBuildConfiguration;
			buildSettings = {
				ALWAYS_SEARCH_USER_PATHS = NO;
				CLANG_ANALYZER_NONNULL = YES;
				CLANG_ANALYZER_NUMBER_OBJECT_CONVERSION = YES_AGGRESSIVE;
				CLANG_CXX_LANGUAGE_STANDARD = "gnu++14";
				CLANG_CXX_LIBRARY = "libc++";
				CLANG_ENABLE_MODULES = YES;
				CLANG_ENABLE_OBJC_ARC = YES;
				CLANG_WARN_BLOCK_CAPTURE_AUTORELEASING = YES;
				CLANG_WARN_BOOL_CONVERSION = YES;
				CLANG_WARN_COMMA = YES;
				CLANG_WARN_CONSTANT_CONVERSION = YES;
				CLANG_WARN_DIRECT_OBJC_ISA_USAGE = YES_ERROR;
				CLANG_WARN_DOCUMENTATION_COMMENTS = YES;
				CLANG_WARN_EMPTY_BODY = YES;
				CLANG_WARN_ENUM_CONVERSION = YES;
				CLANG_WARN_INFINITE_RECURSION = YES;
				CLANG_WARN_INT_CONVERSION = YES;
				CLANG_WARN_NON_LITERAL_NULL_CONVERSION = YES;
				CLANG_WARN_OBJC_LITERAL_CONVERSION = YES;
				CLANG_WARN_OBJC_ROOT_CLASS = YES_ERROR;
				CLANG_WARN_RANGE_LOOP_ANALYSIS = YES;
				CLANG_WARN_STRICT_PROTOTYPES = YES;
				CLANG_WARN_SUSPICIOUS_MOVE = YES;
				CLANG_WARN_UNGUARDED_AVAILABILITY = YES_AGGRESSIVE;
				CLANG_WARN_UNREACHABLE_CODE = YES;
				CLANG_WARN__DUPLICATE_METHOD_MATCH = YES;
				CODE_SIGN_IDENTITY = "iPhone Developer";
				COPY_PHASE_STRIP = NO;
				DEBUG_INFORMATION_FORMAT = dwarf;
				ENABLE_STRICT_OBJC_MSGSEND = YES;
				ENABLE_TESTABILITY = YES;
				GCC_C_LANGUAGE_STANDARD = gnu11;
				GCC_DYNAMIC_NO_PIC = NO;
				GCC_NO_COMMON_BLOCKS = YES;
				GCC_OPTIMIZATION_LEVEL = 0;
				GCC_PREPROCESSOR_DEFINITIONS = (
					"DEBUG=1",
					"$(inherited)",
				);
				GCC_WARN_64_TO_32_BIT_CONVERSION = YES;
				GCC_WARN_ABOUT_RETURN_TYPE = YES_ERROR;
				GCC_WARN_UNDECLARED_SELECTOR = YES;
				GCC_WARN_UNINITIALIZED_AUTOS = YES_AGGRESSIVE;
				GCC_WARN_UNUSED_FUNCTION = YES;
				GCC_WARN_UNUSED_VARIABLE = YES;
				IPHONEOS_DEPLOYMENT_TARGET = 11.0;
				MTL_ENABLE_DEBUG_INFO = YES;
				ONLY_ACTIVE_ARCH = YES;
				SDKROOT = iphoneos;
				SWIFT_ACTIVE_COMPILATION_CONDITIONS = DEBUG;
				SWIFT_OPTIMIZATION_LEVEL = "-Onone";
			};
			name = Debug;
		};
		61370E3A1F82A1CB002B6A09 /* Release */ = {
			isa = XCBuildConfiguration;
			buildSettings = {
				ALWAYS_SEARCH_USER_PATHS = NO;
				CLANG_ANALYZER_NONNULL = YES;
				CLANG_ANALYZER_NUMBER_OBJECT_CONVERSION = YES_AGGRESSIVE;
				CLANG_CXX_LANGUAGE_STANDARD = "gnu++14";
				CLANG_CXX_LIBRARY = "libc++";
				CLANG_ENABLE_MODULES = YES;
				CLANG_ENABLE_OBJC_ARC = YES;
				CLANG_WARN_BLOCK_CAPTURE_AUTORELEASING = YES;
				CLANG_WARN_BOOL_CONVERSION = YES;
				CLANG_WARN_COMMA = YES;
				CLANG_WARN_CONSTANT_CONVERSION = YES;
				CLANG_WARN_DIRECT_OBJC_ISA_USAGE = YES_ERROR;
				CLANG_WARN_DOCUMENTATION_COMMENTS = YES;
				CLANG_WARN_EMPTY_BODY = YES;
				CLANG_WARN_ENUM_CONVERSION = YES;
				CLANG_WARN_INFINITE_RECURSION = YES;
				CLANG_WARN_INT_CONVERSION = YES;
				CLANG_WARN_NON_LITERAL_NULL_CONVERSION = YES;
				CLANG_WARN_OBJC_LITERAL_CONVERSION = YES;
				CLANG_WARN_OBJC_ROOT_CLASS = YES_ERROR;
				CLANG_WARN_RANGE_LOOP_ANALYSIS = YES;
				CLANG_WARN_STRICT_PROTOTYPES = YES;
				CLANG_WARN_SUSPICIOUS_MOVE = YES;
				CLANG_WARN_UNGUARDED_AVAILABILITY = YES_AGGRESSIVE;
				CLANG_WARN_UNREACHABLE_CODE = YES;
				CLANG_WARN__DUPLICATE_METHOD_MATCH = YES;
				CODE_SIGN_IDENTITY = "iPhone Developer";
				COPY_PHASE_STRIP = NO;
				DEBUG_INFORMATION_FORMAT = "dwarf-with-dsym";
				ENABLE_NS_ASSERTIONS = NO;
				ENABLE_STRICT_OBJC_MSGSEND = YES;
				GCC_C_LANGUAGE_STANDARD = gnu11;
				GCC_NO_COMMON_BLOCKS = YES;
				GCC_WARN_64_TO_32_BIT_CONVERSION = YES;
				GCC_WARN_ABOUT_RETURN_TYPE = YES_ERROR;
				GCC_WARN_UNDECLARED_SELECTOR = YES;
				GCC_WARN_UNINITIALIZED_AUTOS = YES_AGGRESSIVE;
				GCC_WARN_UNUSED_FUNCTION = YES;
				GCC_WARN_UNUSED_VARIABLE = YES;
				IPHONEOS_DEPLOYMENT_TARGET = 11.0;
				MTL_ENABLE_DEBUG_INFO = NO;
				SDKROOT = iphoneos;
				SWIFT_OPTIMIZATION_LEVEL = "-Owholemodule";
				VALIDATE_PRODUCT = YES;
			};
			name = Release;
		};
		61370E3C1F82A1CB002B6A09 /* Debug */ = {
			isa = XCBuildConfiguration;
			buildSettings = {
				ASSETCATALOG_COMPILER_APPICON_NAME = AppIcon;
				CODE_SIGN_IDENTITY = "iPhone Developer";
				"CODE_SIGN_IDENTITY[sdk=iphoneos*]" = "iPhone Developer";
				CODE_SIGN_STYLE = Automatic;
				DEVELOPMENT_TEAM = 2232DYE84D;
				INFOPLIST_FILE = Flow/Info.plist;
				IPHONEOS_DEPLOYMENT_TARGET = 9.0;
				LD_RUNPATH_SEARCH_PATHS = "$(inherited) @executable_path/Frameworks";
				PRODUCT_BUNDLE_IDENTIFIER = com.musicg.Flow4;
				PRODUCT_NAME = "$(TARGET_NAME)";
				PROVISIONING_PROFILE_SPECIFIER = "";
				SWIFT_VERSION = 4.0;
				TARGETED_DEVICE_FAMILY = 2;
			};
			name = Debug;
		};
		61370E3D1F82A1CB002B6A09 /* Release */ = {
			isa = XCBuildConfiguration;
			buildSettings = {
				ASSETCATALOG_COMPILER_APPICON_NAME = AppIcon;
				CODE_SIGN_IDENTITY = "iPhone Developer";
				"CODE_SIGN_IDENTITY[sdk=iphoneos*]" = "iPhone Developer";
				CODE_SIGN_STYLE = Automatic;
				DEVELOPMENT_TEAM = 2232DYE84D;
				INFOPLIST_FILE = Flow/Info.plist;
				IPHONEOS_DEPLOYMENT_TARGET = 9.0;
				LD_RUNPATH_SEARCH_PATHS = "$(inherited) @executable_path/Frameworks";
				PRODUCT_BUNDLE_IDENTIFIER = com.musicg.Flow4;
				PRODUCT_NAME = "$(TARGET_NAME)";
				PROVISIONING_PROFILE_SPECIFIER = "";
				SWIFT_VERSION = 4.0;
				TARGETED_DEVICE_FAMILY = 2;
			};
			name = Release;
		};
		61370E3F1F82A1CB002B6A09 /* Debug */ = {
			isa = XCBuildConfiguration;
			buildSettings = {
				ALWAYS_EMBED_SWIFT_STANDARD_LIBRARIES = YES;
				BUNDLE_LOADER = "$(TEST_HOST)";
				CODE_SIGN_STYLE = Automatic;
				INFOPLIST_FILE = FlowTests/Info.plist;
				IPHONEOS_DEPLOYMENT_TARGET = 11.1;
				LD_RUNPATH_SEARCH_PATHS = "$(inherited) @executable_path/Frameworks @loader_path/Frameworks";
				PRODUCT_BUNDLE_IDENTIFIER = musicg.FlowTests;
				PRODUCT_NAME = "$(TARGET_NAME)";
				SWIFT_VERSION = 4.0;
				TARGETED_DEVICE_FAMILY = "1,2";
				TEST_HOST = "$(BUILT_PRODUCTS_DIR)/Flow.app/Flow";
			};
			name = Debug;
		};
		61370E401F82A1CB002B6A09 /* Release */ = {
			isa = XCBuildConfiguration;
			buildSettings = {
				ALWAYS_EMBED_SWIFT_STANDARD_LIBRARIES = YES;
				BUNDLE_LOADER = "$(TEST_HOST)";
				CODE_SIGN_STYLE = Automatic;
				INFOPLIST_FILE = FlowTests/Info.plist;
				IPHONEOS_DEPLOYMENT_TARGET = 11.1;
				LD_RUNPATH_SEARCH_PATHS = "$(inherited) @executable_path/Frameworks @loader_path/Frameworks";
				PRODUCT_BUNDLE_IDENTIFIER = musicg.FlowTests;
				PRODUCT_NAME = "$(TARGET_NAME)";
				SWIFT_VERSION = 4.0;
				TARGETED_DEVICE_FAMILY = "1,2";
				TEST_HOST = "$(BUILT_PRODUCTS_DIR)/Flow.app/Flow";
			};
			name = Release;
		};
		61370E421F82A1CB002B6A09 /* Debug */ = {
			isa = XCBuildConfiguration;
			buildSettings = {
				ALWAYS_EMBED_SWIFT_STANDARD_LIBRARIES = YES;
				CODE_SIGN_STYLE = Automatic;
				INFOPLIST_FILE = FlowUITests/Info.plist;
				LD_RUNPATH_SEARCH_PATHS = "$(inherited) @executable_path/Frameworks @loader_path/Frameworks";
				PRODUCT_BUNDLE_IDENTIFIER = musicg.FlowUITests;
				PRODUCT_NAME = "$(TARGET_NAME)";
				SWIFT_VERSION = 4.0;
				TARGETED_DEVICE_FAMILY = "1,2";
				TEST_TARGET_NAME = Flow;
			};
			name = Debug;
		};
		61370E431F82A1CB002B6A09 /* Release */ = {
			isa = XCBuildConfiguration;
			buildSettings = {
				ALWAYS_EMBED_SWIFT_STANDARD_LIBRARIES = YES;
				CODE_SIGN_STYLE = Automatic;
				INFOPLIST_FILE = FlowUITests/Info.plist;
				LD_RUNPATH_SEARCH_PATHS = "$(inherited) @executable_path/Frameworks @loader_path/Frameworks";
				PRODUCT_BUNDLE_IDENTIFIER = musicg.FlowUITests;
				PRODUCT_NAME = "$(TARGET_NAME)";
				SWIFT_VERSION = 4.0;
				TARGETED_DEVICE_FAMILY = "1,2";
				TEST_TARGET_NAME = Flow;
			};
			name = Release;
		};
/* End XCBuildConfiguration section */

/* Begin XCConfigurationList section */
		61370E0E1F82A1CB002B6A09 /* Build configuration list for PBXProject "Flow" */ = {
			isa = XCConfigurationList;
			buildConfigurations = (
				61370E391F82A1CB002B6A09 /* Debug */,
				61370E3A1F82A1CB002B6A09 /* Release */,
			);
			defaultConfigurationIsVisible = 0;
			defaultConfigurationName = Release;
		};
		61370E3B1F82A1CB002B6A09 /* Build configuration list for PBXNativeTarget "Flow" */ = {
			isa = XCConfigurationList;
			buildConfigurations = (
				61370E3C1F82A1CB002B6A09 /* Debug */,
				61370E3D1F82A1CB002B6A09 /* Release */,
			);
			defaultConfigurationIsVisible = 0;
			defaultConfigurationName = Release;
		};
		61370E3E1F82A1CB002B6A09 /* Build configuration list for PBXNativeTarget "FlowTests" */ = {
			isa = XCConfigurationList;
			buildConfigurations = (
				61370E3F1F82A1CB002B6A09 /* Debug */,
				61370E401F82A1CB002B6A09 /* Release */,
			);
			defaultConfigurationIsVisible = 0;
			defaultConfigurationName = Release;
		};
		61370E411F82A1CB002B6A09 /* Build configuration list for PBXNativeTarget "FlowUITests" */ = {
			isa = XCConfigurationList;
			buildConfigurations = (
				61370E421F82A1CB002B6A09 /* Debug */,
				61370E431F82A1CB002B6A09 /* Release */,
			);
			defaultConfigurationIsVisible = 0;
			defaultConfigurationName = Release;
		};
/* End XCConfigurationList section */
	};
	rootObject = 61370E0B1F82A1CB002B6A09 /* Project object */;
}
